
Microsoft Visual Studio Solution File, Format Version 12.00
# Visual Studio Version 16
VisualStudioVersion = 16.0.30011.22
MinimumVisualStudioVersion = 10.0.40219.1
Project("{FAE04EC0-301F-11D3-BF4B-00C04F79EFBC}") = "ParsingText", "ParsingText\ParsingText.csproj", "{69342B75-5D94-43F7-833B-F9EBC5D7C3A5}"
EndProject
Global
	GlobalSection(SolutionConfigurationPlatforms) = preSolution
		Debug|Any CPU = Debug|Any CPU
		Release|Any CPU = Release|Any CPU
	EndGlobalSection
	GlobalSection(ProjectConfigurationPlatforms) = postSolution
		{69342B75-5D94-43F7-833B-F9EBC5D7C3A5}.Debug|Any CPU.ActiveCfg = Debug|Any CPU
		{69342B75-5D94-43F7-833B-F9EBC5D7C3A5}.Debug|Any CPU.Build.0 = Debug|Any CPU
		{69342B75-5D94-43F7-833B-F9EBC5D7C3A5}.Release|Any CPU.ActiveCfg = Release|Any CPU
		{69342B75-5D94-43F7-833B-F9EBC5D7C3A5}.Release|Any CPU.Build.0 = Release|Any CPU
	EndGlobalSection
	GlobalSection(SolutionProperties) = preSolution
		HideSolutionNode = FALSE
	EndGlobalSection
	GlobalSection(ExtensibilityGlobals) = postSolution
		SolutionGuid = {327E8218-31C7-44BA-B792-EC95384F0803}
	EndGlobalSection
EndGlobal
